
Microsoft Visual Studio Solution File, Format Version 12.00
# Visual Studio Version 17
VisualStudioVersion = 17.1.32319.34
MinimumVisualStudioVersion = 10.0.40219.1
Project("{FAE04EC0-301F-11D3-BF4B-00C04F79EFBC}") = "Personal.BoardGame.Wpf", "Personal.BoardGame.Wpf\Personal.BoardGame.Wpf.csproj", "{BC125A9F-AE32-4130-87C9-7852EDE7AAEF}"
EndProject
Global
	GlobalSection(SolutionConfigurationPlatforms) = preSolution
		Debug|Any CPU = Debug|Any CPU
		Release|Any CPU = Release|Any CPU
	EndGlobalSection
	GlobalSection(ProjectConfigurationPlatforms) = postSolution
		{BC125A9F-AE32-4130-87C9-7852EDE7AAEF}.Debug|Any CPU.ActiveCfg = Debug|Any CPU
		{BC125A9F-AE32-4130-87C9-7852EDE7AAEF}.Debug|Any CPU.Build.0 = Debug|Any CPU
		{BC125A9F-AE32-4130-87C9-7852EDE7AAEF}.Release|Any CPU.ActiveCfg = Release|Any CPU
		{BC125A9F-AE32-4130-87C9-7852EDE7AAEF}.Release|Any CPU.Build.0 = Release|Any CPU
	EndGlobalSection
	GlobalSection(SolutionProperties) = preSolution
		HideSolutionNode = FALSE
	EndGlobalSection
	GlobalSection(ExtensibilityGlobals) = postSolution
		SolutionGuid = {5B3568DF-60E2-4B36-89E1-2855D7692418}
	EndGlobalSection
EndGlobal
